
Microsoft Visual Studio Solution File, Format Version 12.00
# Visual Studio Version 17
VisualStudioVersion = 17.13.36105.23 d17.13
MinimumVisualStudioVersion = 10.0.40219.1
Project("{FAE04EC0-301F-11D3-BF4B-00C04F79EFBC}") = "TestWebApp", "TestWebApp\TestWebApp.csproj", "{1ADCC515-BA0B-4F28-86F7-4E6AB99FE977}"
EndProject
Global
	GlobalSection(SolutionConfigurationPlatforms) = preSolution
		Debug|Any CPU = Debug|Any CPU
		Release|Any CPU = Release|Any CPU
	EndGlobalSection
	GlobalSection(ProjectConfigurationPlatforms) = postSolution
		{1ADCC515-BA0B-4F28-86F7-4E6AB99FE977}.Debug|Any CPU.ActiveCfg = Debug|Any CPU
		{1ADCC515-BA0B-4F28-86F7-4E6AB99FE977}.Debug|Any CPU.Build.0 = Debug|Any CPU
		{1ADCC515-BA0B-4F28-86F7-4E6AB99FE977}.Release|Any CPU.ActiveCfg = Release|Any CPU
		{1ADCC515-BA0B-4F28-86F7-4E6AB99FE977}.Release|Any CPU.Build.0 = Release|Any CPU
	EndGlobalSection
	GlobalSection(SolutionProperties) = preSolution
		HideSolutionNode = FALSE
	EndGlobalSection
	GlobalSection(ExtensibilityGlobals) = postSolution
		SolutionGuid = {139E0B00-EC16-442F-AF94-9C2B1EF5867A}
	EndGlobalSection
EndGlobal
